
Microsoft Visual Studio Solution File, Format Version 12.00
# Visual Studio 15
VisualStudioVersion = 15.0.27130.2036
MinimumVisualStudioVersion = 10.0.40219.1
Project("{FAE04EC0-301F-11D3-BF4B-00C04F79EFBC}") = "ProjectGimnasiaYEsgrima", "ProjectGimnasiaYEsgrima\ProjectGimnasiaYEsgrima.csproj", "{8BA0A999-1291-4E69-9BCB-61DD62EFB2AD}"
EndProject
Project("{FAE04EC0-301F-11D3-BF4B-00C04F79EFBC}") = "UnitTestProject1", "UnitTestProject1\UnitTestProject1.csproj", "{D02BA9DF-67BE-441B-A27D-FD93EE1BB03A}"
EndProject
Global
	GlobalSection(SolutionConfigurationPlatforms) = preSolution
		Debug|Any CPU = Debug|Any CPU
		Release|Any CPU = Release|Any CPU
	EndGlobalSection
	GlobalSection(ProjectConfigurationPlatforms) = postSolution
		{8BA0A999-1291-4E69-9BCB-61DD62EFB2AD}.Debug|Any CPU.ActiveCfg = Debug|Any CPU
		{8BA0A999-1291-4E69-9BCB-61DD62EFB2AD}.Debug|Any CPU.Build.0 = Debug|Any CPU
		{8BA0A999-1291-4E69-9BCB-61DD62EFB2AD}.Release|Any CPU.ActiveCfg = Release|Any CPU
		{8BA0A999-1291-4E69-9BCB-61DD62EFB2AD}.Release|Any CPU.Build.0 = Release|Any CPU
		{D02BA9DF-67BE-441B-A27D-FD93EE1BB03A}.Debug|Any CPU.ActiveCfg = Debug|Any CPU
		{D02BA9DF-67BE-441B-A27D-FD93EE1BB03A}.Debug|Any CPU.Build.0 = Debug|Any CPU
		{D02BA9DF-67BE-441B-A27D-FD93EE1BB03A}.Release|Any CPU.ActiveCfg = Release|Any CPU
		{D02BA9DF-67BE-441B-A27D-FD93EE1BB03A}.Release|Any CPU.Build.0 = Release|Any CPU
	EndGlobalSection
	GlobalSection(SolutionProperties) = preSolution
		HideSolutionNode = FALSE
	EndGlobalSection
	GlobalSection(ExtensibilityGlobals) = postSolution
		SolutionGuid = {88DD002D-FA1D-4E9A-94EB-5DB5A8D299CB}
	EndGlobalSection
EndGlobal
